
Microsoft Visual Studio Solution File, Format Version 12.00
# Visual Studio 15
VisualStudioVersion = 15.0.28307.168
MinimumVisualStudioVersion = 10.0.40219.1
Project("{FAE04EC0-301F-11D3-BF4B-00C04F79EFBC}") = "WPFClient", "WPFClient\WPFClient.csproj", "{DAFAB639-D734-4906-AB2F-C9AC3B8201B2}"
EndProject
Project("{9A19103F-16F7-4668-BE54-9A1E7A4F7556}") = "DownloadLib", "DownloadLib\DownloadLib.csproj", "{76EB750D-DC0F-4C0C-98F6-C659E9CAB548}"
EndProject
Project("{C7167F0D-BC9F-4E6E-AFE1-012C56B48DB5}") = "UWPClientPackaging", "UWPClientPackaging\UWPClientPackaging.wapproj", "{432BCC4F-1DFD-46C9-B7BB-740698C02851}"
EndProject
Project("{FAE04EC0-301F-11D3-BF4B-00C04F79EFBC}") = "UWPClient", "UWPClient\UWPClient.csproj", "{DFBB513F-A9DC-4B4A-8004-8A84A377E2B3}"
EndProject
Global
	GlobalSection(SolutionConfigurationPlatforms) = preSolution
		Debug|Any CPU = Debug|Any CPU
		Debug|ARM = Debug|ARM
		Debug|ARM64 = Debug|ARM64
		Debug|x64 = Debug|x64
		Debug|x86 = Debug|x86
		Release|Any CPU = Release|Any CPU
		Release|ARM = Release|ARM
		Release|ARM64 = Release|ARM64
		Release|x64 = Release|x64
		Release|x86 = Release|x86
	EndGlobalSection
	GlobalSection(ProjectConfigurationPlatforms) = postSolution
		{DAFAB639-D734-4906-AB2F-C9AC3B8201B2}.Debug|Any CPU.ActiveCfg = Debug|Any CPU
		{DAFAB639-D734-4906-AB2F-C9AC3B8201B2}.Debug|Any CPU.Build.0 = Debug|Any CPU
		{DAFAB639-D734-4906-AB2F-C9AC3B8201B2}.Debug|ARM.ActiveCfg = Debug|Any CPU
		{DAFAB639-D734-4906-AB2F-C9AC3B8201B2}.Debug|ARM.Build.0 = Debug|Any CPU
		{DAFAB639-D734-4906-AB2F-C9AC3B8201B2}.Debug|ARM64.ActiveCfg = Debug|Any CPU
		{DAFAB639-D734-4906-AB2F-C9AC3B8201B2}.Debug|ARM64.Build.0 = Debug|Any CPU
		{DAFAB639-D734-4906-AB2F-C9AC3B8201B2}.Debug|x64.ActiveCfg = Debug|Any CPU
		{DAFAB639-D734-4906-AB2F-C9AC3B8201B2}.Debug|x64.Build.0 = Debug|Any CPU
		{DAFAB639-D734-4906-AB2F-C9AC3B8201B2}.Debug|x86.ActiveCfg = Debug|Any CPU
		{DAFAB639-D734-4906-AB2F-C9AC3B8201B2}.Debug|x86.Build.0 = Debug|Any CPU
		{DAFAB639-D734-4906-AB2F-C9AC3B8201B2}.Release|Any CPU.ActiveCfg = Release|Any CPU
		{DAFAB639-D734-4906-AB2F-C9AC3B8201B2}.Release|Any CPU.Build.0 = Release|Any CPU
		{DAFAB639-D734-4906-AB2F-C9AC3B8201B2}.Release|ARM.ActiveCfg = Release|Any CPU
		{DAFAB639-D734-4906-AB2F-C9AC3B8201B2}.Release|ARM.Build.0 = Release|Any CPU
		{DAFAB639-D734-4906-AB2F-C9AC3B8201B2}.Release|ARM64.ActiveCfg = Release|Any CPU
		{DAFAB639-D734-4906-AB2F-C9AC3B8201B2}.Release|ARM64.Build.0 = Release|Any CPU
		{DAFAB639-D734-4906-AB2F-C9AC3B8201B2}.Release|x64.ActiveCfg = Release|Any CPU
		{DAFAB639-D734-4906-AB2F-C9AC3B8201B2}.Release|x64.Build.0 = Release|Any CPU
		{DAFAB639-D734-4906-AB2F-C9AC3B8201B2}.Release|x86.ActiveCfg = Release|Any CPU
		{DAFAB639-D734-4906-AB2F-C9AC3B8201B2}.Release|x86.Build.0 = Release|Any CPU
		{76EB750D-DC0F-4C0C-98F6-C659E9CAB548}.Debug|Any CPU.ActiveCfg = Debug|Any CPU
		{76EB750D-DC0F-4C0C-98F6-C659E9CAB548}.Debug|Any CPU.Build.0 = Debug|Any CPU
		{76EB750D-DC0F-4C0C-98F6-C659E9CAB548}.Debug|ARM.ActiveCfg = Debug|Any CPU
		{76EB750D-DC0F-4C0C-98F6-C659E9CAB548}.Debug|ARM.Build.0 = Debug|Any CPU
		{76EB750D-DC0F-4C0C-98F6-C659E9CAB548}.Debug|ARM64.ActiveCfg = Debug|Any CPU
		{76EB750D-DC0F-4C0C-98F6-C659E9CAB548}.Debug|ARM64.Build.0 = Debug|Any CPU
		{76EB750D-DC0F-4C0C-98F6-C659E9CAB548}.Debug|x64.ActiveCfg = Debug|Any CPU
		{76EB750D-DC0F-4C0C-98F6-C659E9CAB548}.Debug|x64.Build.0 = Debug|Any CPU
		{76EB750D-DC0F-4C0C-98F6-C659E9CAB548}.Debug|x86.ActiveCfg = Debug|Any CPU
		{76EB750D-DC0F-4C0C-98F6-C659E9CAB548}.Debug|x86.Build.0 = Debug|Any CPU
		{76EB750D-DC0F-4C0C-98F6-C659E9CAB548}.Release|Any CPU.ActiveCfg = Release|Any CPU
		{76EB750D-DC0F-4C0C-98F6-C659E9CAB548}.Release|Any CPU.Build.0 = Release|Any CPU
		{76EB750D-DC0F-4C0C-98F6-C659E9CAB548}.Release|ARM.ActiveCfg = Release|Any CPU
		{76EB750D-DC0F-4C0C-98F6-C659E9CAB548}.Release|ARM.Build.0 = Release|Any CPU
		{76EB750D-DC0F-4C0C-98F6-C659E9CAB548}.Release|ARM64.ActiveCfg = Release|Any CPU
		{76EB750D-DC0F-4C0C-98F6-C659E9CAB548}.Release|ARM64.Build.0 = Release|Any CPU
		{76EB750D-DC0F-4C0C-98F6-C659E9CAB548}.Release|x64.ActiveCfg = Release|Any CPU
		{76EB750D-DC0F-4C0C-98F6-C659E9CAB548}.Release|x64.Build.0 = Release|Any CPU
		{76EB750D-DC0F-4C0C-98F6-C659E9CAB548}.Release|x86.ActiveCfg = Release|Any CPU
		{76EB750D-DC0F-4C0C-98F6-C659E9CAB548}.Release|x86.Build.0 = Release|Any CPU
		{432BCC4F-1DFD-46C9-B7BB-740698C02851}.Debug|Any CPU.ActiveCfg = Debug|Any CPU
		{432BCC4F-1DFD-46C9-B7BB-740698C02851}.Debug|Any CPU.Build.0 = Debug|Any CPU
		{432BCC4F-1DFD-46C9-B7BB-740698C02851}.Debug|Any CPU.Deploy.0 = Debug|Any CPU
		{432BCC4F-1DFD-46C9-B7BB-740698C02851}.Debug|ARM.ActiveCfg = Debug|Any CPU
		{432BCC4F-1DFD-46C9-B7BB-740698C02851}.Debug|ARM.Build.0 = Debug|Any CPU
		{432BCC4F-1DFD-46C9-B7BB-740698C02851}.Debug|ARM.Deploy.0 = Debug|Any CPU
		{432BCC4F-1DFD-46C9-B7BB-740698C02851}.Debug|ARM64.ActiveCfg = Debug|Any CPU
		{432BCC4F-1DFD-46C9-B7BB-740698C02851}.Debug|ARM64.Build.0 = Debug|Any CPU
		{432BCC4F-1DFD-46C9-B7BB-740698C02851}.Debug|ARM64.Deploy.0 = Debug|Any CPU
		{432BCC4F-1DFD-46C9-B7BB-740698C02851}.Debug|x64.ActiveCfg = Debug|x64
		{432BCC4F-1DFD-46C9-B7BB-740698C02851}.Debug|x64.Build.0 = Debug|x64
		{432BCC4F-1DFD-46C9-B7BB-740698C02851}.Debug|x64.Deploy.0 = Debug|x64
		{432BCC4F-1DFD-46C9-B7BB-740698C02851}.Debug|x86.ActiveCfg = Debug|x86
		{432BCC4F-1DFD-46C9-B7BB-740698C02851}.Debug|x86.Build.0 = Debug|x86
		{432BCC4F-1DFD-46C9-B7BB-740698C02851}.Debug|x86.Deploy.0 = Debug|x86
		{432BCC4F-1DFD-46C9-B7BB-740698C02851}.Release|Any CPU.ActiveCfg = Release|Any CPU
		{432BCC4F-1DFD-46C9-B7BB-740698C02851}.Release|Any CPU.Build.0 = Release|Any CPU
		{432BCC4F-1DFD-46C9-B7BB-740698C02851}.Release|Any CPU.Deploy.0 = Release|Any CPU
		{432BCC4F-1DFD-46C9-B7BB-740698C02851}.Release|ARM.ActiveCfg = Release|Any CPU
		{432BCC4F-1DFD-46C9-B7BB-740698C02851}.Release|ARM.Build.0 = Release|Any CPU
		{432BCC4F-1DFD-46C9-B7BB-740698C02851}.Release|ARM.Deploy.0 = Release|Any CPU
		{432BCC4F-1DFD-46C9-B7BB-740698C02851}.Release|ARM64.ActiveCfg = Release|Any CPU
		{432BCC4F-1DFD-46C9-B7BB-740698C02851}.Release|ARM64.Build.0 = Release|Any CPU
		{432BCC4F-1DFD-46C9-B7BB-740698C02851}.Release|ARM64.Deploy.0 = Release|Any CPU
		{432BCC4F-1DFD-46C9-B7BB-740698C02851}.Release|x64.ActiveCfg = Release|x64
		{432BCC4F-1DFD-46C9-B7BB-740698C02851}.Release|x64.Build.0 = Release|x64
		{432BCC4F-1DFD-46C9-B7BB-740698C02851}.Release|x64.Deploy.0 = Release|x64
		{432BCC4F-1DFD-46C9-B7BB-740698C02851}.Release|x86.ActiveCfg = Release|x86
		{432BCC4F-1DFD-46C9-B7BB-740698C02851}.Release|x86.Build.0 = Release|x86
		{432BCC4F-1DFD-46C9-B7BB-740698C02851}.Release|x86.Deploy.0 = Release|x86
		{DFBB513F-A9DC-4B4A-8004-8A84A377E2B3}.Debug|Any CPU.ActiveCfg = Debug|x86
		{DFBB513F-A9DC-4B4A-8004-8A84A377E2B3}.Debug|ARM.ActiveCfg = Debug|ARM
		{DFBB513F-A9DC-4B4A-8004-8A84A377E2B3}.Debug|ARM.Build.0 = Debug|ARM
		{DFBB513F-A9DC-4B4A-8004-8A84A377E2B3}.Debug|ARM.Deploy.0 = Debug|ARM
		{DFBB513F-A9DC-4B4A-8004-8A84A377E2B3}.Debug|ARM64.ActiveCfg = Debug|ARM64
		{DFBB513F-A9DC-4B4A-8004-8A84A377E2B3}.Debug|ARM64.Build.0 = Debug|ARM64
		{DFBB513F-A9DC-4B4A-8004-8A84A377E2B3}.Debug|ARM64.Deploy.0 = Debug|ARM64
		{DFBB513F-A9DC-4B4A-8004-8A84A377E2B3}.Debug|x64.ActiveCfg = Debug|x64
		{DFBB513F-A9DC-4B4A-8004-8A84A377E2B3}.Debug|x64.Build.0 = Debug|x64
		{DFBB513F-A9DC-4B4A-8004-8A84A377E2B3}.Debug|x64.Deploy.0 = Debug|x64
		{DFBB513F-A9DC-4B4A-8004-8A84A377E2B3}.Debug|x86.ActiveCfg = Debug|x86
		{DFBB513F-A9DC-4B4A-8004-8A84A377E2B3}.Debug|x86.Build.0 = Debug|x86
		{DFBB513F-A9DC-4B4A-8004-8A84A377E2B3}.Debug|x86.Deploy.0 = Debug|x86
		{DFBB513F-A9DC-4B4A-8004-8A84A377E2B3}.Release|Any CPU.ActiveCfg = Release|x86
		{DFBB513F-A9DC-4B4A-8004-8A84A377E2B3}.Release|ARM.ActiveCfg = Release|ARM
		{DFBB513F-A9DC-4B4A-8004-8A84A377E2B3}.Release|ARM.Build.0 = Release|ARM
		{DFBB513F-A9DC-4B4A-8004-8A84A377E2B3}.Release|ARM.Deploy.0 = Release|ARM
		{DFBB513F-A9DC-4B4A-8004-8A84A377E2B3}.Release|ARM64.ActiveCfg = Release|ARM64
		{DFBB513F-A9DC-4B4A-8004-8A84A377E2B3}.Release|ARM64.Build.0 = Release|ARM64
		{DFBB513F-A9DC-4B4A-8004-8A84A377E2B3}.Release|ARM64.Deploy.0 = Release|ARM64
		{DFBB513F-A9DC-4B4A-8004-8A84A377E2B3}.Release|x64.ActiveCfg = Release|x64
		{DFBB513F-A9DC-4B4A-8004-8A84A377E2B3}.Release|x64.Build.0 = Release|x64
		{DFBB513F-A9DC-4B4A-8004-8A84A377E2B3}.Release|x64.Deploy.0 = Release|x64
		{DFBB513F-A9DC-4B4A-8004-8A84A377E2B3}.Release|x86.ActiveCfg = Release|x86
		{DFBB513F-A9DC-4B4A-8004-8A84A377E2B3}.Release|x86.Build.0 = Release|x86
		{DFBB513F-A9DC-4B4A-8004-8A84A377E2B3}.Release|x86.Deploy.0 = Release|x86
	EndGlobalSection
	GlobalSection(SolutionProperties) = preSolution
		HideSolutionNode = FALSE
	EndGlobalSection
	GlobalSection(ExtensibilityGlobals) = postSolution
		SolutionGuid = {13AFBAA3-F611-4C19-B710-5BB47AFA64F9}
	EndGlobalSection
EndGlobal
